
Microsoft Visual Studio Solution File, Format Version 12.00
# Visual Studio 15
VisualStudioVersion = 15.0.27004.2009
MinimumVisualStudioVersion = 10.0.40219.1
Project("{FAE04EC0-301F-11D3-BF4B-00C04F79EFBC}") = "Coid_Project_ITIS", "Coid_Project_ITIS\Coid_Project_ITIS.csproj", "{72E163D6-84E0-48FB-9AD1-29D7E7BBD44E}"
EndProject
Global
	GlobalSection(SolutionConfigurationPlatforms) = preSolution
		Debug|Any CPU = Debug|Any CPU
		Release|Any CPU = Release|Any CPU
	EndGlobalSection
	GlobalSection(ProjectConfigurationPlatforms) = postSolution
		{72E163D6-84E0-48FB-9AD1-29D7E7BBD44E}.Debug|Any CPU.ActiveCfg = Debug|Any CPU
		{72E163D6-84E0-48FB-9AD1-29D7E7BBD44E}.Debug|Any CPU.Build.0 = Debug|Any CPU
		{72E163D6-84E0-48FB-9AD1-29D7E7BBD44E}.Release|Any CPU.ActiveCfg = Release|Any CPU
		{72E163D6-84E0-48FB-9AD1-29D7E7BBD44E}.Release|Any CPU.Build.0 = Release|Any CPU
	EndGlobalSection
	GlobalSection(SolutionProperties) = preSolution
		HideSolutionNode = FALSE
	EndGlobalSection
	GlobalSection(ExtensibilityGlobals) = postSolution
		SolutionGuid = {E665F40A-E916-4AAF-A561-35DAED358D41}
	EndGlobalSection
EndGlobal
